
Microsoft Visual Studio Solution File, Format Version 11.00
# Visual Studio 2010
Project("{FAE04EC0-301F-11D3-BF4B-00C04F79EFBC}") = "PointCloud", "PointCloud\PointCloud.csproj", "{F08FC0D5-2719-4EDB-B5E8-241C54903EBD}"
EndProject
Project("{FAE04EC0-301F-11D3-BF4B-00C04F79EFBC}") = "PointCloud.Test", "PointCloud.Test\PointCloud.Test.csproj", "{2D4A485B-BFDC-46E8-AF2E-9E995763B938}"
EndProject
Global
	GlobalSection(SolutionConfigurationPlatforms) = preSolution
		Debug|Any CPU = Debug|Any CPU
		Release|Any CPU = Release|Any CPU
	EndGlobalSection
	GlobalSection(ProjectConfigurationPlatforms) = postSolution
		{F08FC0D5-2719-4EDB-B5E8-241C54903EBD}.Debug|Any CPU.ActiveCfg = Debug|Any CPU
		{F08FC0D5-2719-4EDB-B5E8-241C54903EBD}.Debug|Any CPU.Build.0 = Debug|Any CPU
		{F08FC0D5-2719-4EDB-B5E8-241C54903EBD}.Release|Any CPU.ActiveCfg = Release|Any CPU
		{F08FC0D5-2719-4EDB-B5E8-241C54903EBD}.Release|Any CPU.Build.0 = Release|Any CPU
		{2D4A485B-BFDC-46E8-AF2E-9E995763B938}.Debug|Any CPU.ActiveCfg = Debug|Any CPU
		{2D4A485B-BFDC-46E8-AF2E-9E995763B938}.Debug|Any CPU.Build.0 = Debug|Any CPU
		{2D4A485B-BFDC-46E8-AF2E-9E995763B938}.Release|Any CPU.ActiveCfg = Release|Any CPU
		{2D4A485B-BFDC-46E8-AF2E-9E995763B938}.Release|Any CPU.Build.0 = Release|Any CPU
	EndGlobalSection
	GlobalSection(SolutionProperties) = preSolution
		HideSolutionNode = FALSE
	EndGlobalSection
EndGlobal
